{
  "name": "test_hlf_v1",
  "version": "1.0.0",
  "lockfileVersion": 1,
  "requires": true,
  "dependencies": {
    "classnames": {
      "version": "2.2.5",
      "resolved": "https://registry.npmjs.org/classnames/-/classnames-2.2.5.tgz",
      "integrity": "sha1-+zgB1FNGdknvNgPH1hoCvRKb3m0="
    },
    "cookie": {
      "version": "0.3.1",
      "resolved": "https://registry.npmjs.org/cookie/-/cookie-0.3.1.tgz",
      "integrity": "sha1-5+Ch+e9DtMi6klxcWpboBtFoc7s="
    },
    "hoist-non-react-statics": {
      "version": "2.5.5",
      "resolved": "https://registry.npmjs.org/hoist-non-react-statics/-/hoist-non-react-statics-2.5.5.tgz",
      "integrity": "sha512-rqcy4pJo55FTTLWt+bU8ukscqHeE/e9KWvsOW2b/a3afxQZhwkQdT1rPPCJ0rYXdj4vNcasY8zHTH+jF/qStxw=="
    },
    "js-tokens": {
      "version": "3.0.2",
      "resolved": "https://registry.npmjs.org/js-tokens/-/js-tokens-3.0.2.tgz",
      "integrity": "sha1-mGbfOVECEw449/mWvOtlRDIJwls="
    },
    "lodash.omit": {
      "version": "4.5.0",
      "resolved": "https://registry.npmjs.org/lodash.omit/-/lodash.omit-4.5.0.tgz",
      "integrity": "sha1-brGa5aHuHdnfC5aeZs4Lf6MLXmA="
    },
    "loose-envify": {
      "version": "1.3.1",
      "resolved": "https://registry.npmjs.org/loose-envify/-/loose-envify-1.3.1.tgz",
      "integrity": "sha1-0aitM/qc4OcT1l/dCsi3SNR4yEg=",
      "requires": {
        "js-tokens": "3.0.2"
      }
    },
    "object-assign": {
      "version": "4.1.1",
      "resolved": "https://registry.npmjs.org/object-assign/-/object-assign-4.1.1.tgz",
      "integrity": "sha1-IQmtx5ZYh8/AXLvUQsrIv7s2CGM="
    },
    "prop-types": {
      "version": "15.6.2",
      "resolved": "https://registry.npmjs.org/prop-types/-/prop-types-15.6.2.tgz",
      "integrity": "sha512-3pboPvLiWD7dkI3qf3KbUe6hKFKa52w+AE0VCqECtf+QHAKgOL37tTaNCnuX1nAAQ4ZhyP+kYVKf8rLmJ/feDQ==",
      "requires": {
        "loose-envify": "1.3.1",
        "object-assign": "4.1.1"
      }
    },
    "react-addons-clone-with-props": {
      "version": "0.14.8",
      "resolved": "https://registry.npmjs.org/react-addons-clone-with-props/-/react-addons-clone-with-props-0.14.8.tgz",
      "integrity": "sha1-PUgbmp0UbPJnFWLjYnrX5MD2suI="
    },
    "react-cookie-banner": {
      "version": "4.0.0",
      "resolved": "https://registry.npmjs.org/react-cookie-banner/-/react-cookie-banner-4.0.0.tgz",
      "integrity": "sha512-zKvvTugVqSD3bWl7btRA9p0V3C76S4OkXsxs3lxiiuzqpo8XvM4VBo8psh2RKPvuCp68glhVT/FkiR24m1XhGw==",
      "requires": {
        "classnames": "2.2.5",
        "lodash.omit": "4.5.0",
        "react-addons-clone-with-props": "0.14.8",
        "react-cookie": "2.2.0"
      },
      "dependencies": {
        "react-cookie": {
          "version": "2.2.0",
          "resolved": "https://registry.npmjs.org/react-cookie/-/react-cookie-2.2.0.tgz",
          "integrity": "sha512-W6e+ZyeEkgUhJV4D/p41QaApfFKsChW/OLvhDXLcBRcV2pmKOh88YhHkBz2QwZt20J5xaiqcN0NqGGK+58gn/g==",
          "requires": {
            "hoist-non-react-statics": "2.5.5",
            "prop-types": "15.6.2",
            "universal-cookie": "2.2.0"
          }
        },
        "universal-cookie": {
          "version": "2.2.0",
          "resolved": "https://registry.npmjs.org/universal-cookie/-/universal-cookie-2.2.0.tgz",
          "integrity": "sha512-weEuvQvnMs74WGwqKSbeapCRv/7ATHDCqrfZtj579r3fQCxcwtoXYMoaZ8YOCQga/ctQTYy20xMOH1u7cAAU6w==",
          "requires": {
            "cookie": "0.3.1",
            "object-assign": "4.1.1"
          }
        }
      }
    }
  }
}
